# Canonical wheel-only dependency closure for .gitea/workflows/ci.yml.
#
# Target: CPython 3.12.14, x86_64 glibc >= 2.34.
# Generated from the project runtime and build requirements, the [test] extra,
# pytest, and pytest-asyncio. Each hash names the single compatible wheel selected for
# this CI target; source distributions and alternate wheels are intentionally
# excluded. Refresh this file deliberately whenever a direct or transitive
# dependency changes, then rerun the isolated locked-install regression.

# wheel: annotated_types-0.8.0-py3-none-any.whl
annotated-types==0.8.0 \
    --hash=sha256:f072f4d804ea359e4eaf198b1af7a8b0943881a87f31bb764f8bf219bb9419e0
# wheel: attrs-26.1.0-py3-none-any.whl
attrs==26.1.0 \
    --hash=sha256:c647aa4a12dfbad9333ca4e71fe62ddc36f4e63b2d260a37a8b83d2f043ac309
# wheel: certifi-2026.7.22-py3-none-any.whl
certifi==2026.7.22 \
    --hash=sha256:62f22742b58a1a33014a2b6b706588a8d7e2a88ae7bd1a6ebe8c992928483775
# wheel: cffi-2.1.1-cp312-cp312-manylinux2014_x86_64.manylinux_2_17_x86_64.whl
cffi==2.1.1 \
    --hash=sha256:c1453022f490d2459a11819d83ad1d586e9ff65a12ac3e705ffebd46d3685dcf
# wheel: charset_normalizer-3.5.1-cp312-cp312-manylinux2014_x86_64.manylinux_2_17_x86_64.manylinux_2_28_x86_64.whl
charset-normalizer==3.5.1 \
    --hash=sha256:b9af956078716df40d985fb0dfeb2c2120c5ca92ba4ff4b388acfd01cdc14d08
# wheel: cryptography-50.0.0-cp311-abi3-manylinux_2_34_x86_64.whl
cryptography==50.0.0 \
    --hash=sha256:82148ec5bddac30b51a5b3c1945075f896fa022cb93f8e4a01e9f6ee95292c5f
# wheel: idna-3.18-py3-none-any.whl
idna==3.18 \
    --hash=sha256:7f952cbe720b688055e3f87de14f5c3e5fdaa8bc3928985c4077ca689de849a2
# wheel: iniconfig-2.3.0-py3-none-any.whl
iniconfig==2.3.0 \
    --hash=sha256:f631c04d2c48c52b84d0d0549c99ff3859c98df65b3101406327ecc7d53fbf12
# wheel: jinja2-3.1.6-py3-none-any.whl
jinja2==3.1.6 \
    --hash=sha256:85ece4451f492d0c13c5dd7c13a64681a86afae63a5f347908daf103ce6d2f67
# wheel: jsonschema-4.26.0-py3-none-any.whl
jsonschema==4.26.0 \
    --hash=sha256:d489f15263b8d200f8387e64b4c3a75f06629559fb73deb8fdfb525f2dab50ce
# wheel: jsonschema_specifications-2025.9.1-py3-none-any.whl
jsonschema-specifications==2025.9.1 \
    --hash=sha256:98802fee3a11ee76ecaca44429fda8a41bff98b00a0f2838151b113f210cc6fe
# wheel: markupsafe-3.0.3-cp312-cp312-manylinux2014_x86_64.manylinux_2_17_x86_64.manylinux_2_28_x86_64.whl
markupsafe==3.0.3 \
    --hash=sha256:d6dd0be5b5b189d31db7cda48b91d7e0a9795f31430b7f271219ab30f1d3ac9d
# wheel: packaging-26.3-py3-none-any.whl
packaging==26.3 \
    --hash=sha256:d7193f7c8e4e93f444fde0262bf90af30e16fa0ad0ad44cb553c87339b23cd1c
# wheel: pluggy-1.6.0-py3-none-any.whl
pluggy==1.6.0 \
    --hash=sha256:e920276dd6813095e9377c0bc5566d94c932c33b27a3e3945d8389c374dd4746
# wheel: pycparser-3.0-py3-none-any.whl
pycparser==3.0 \
    --hash=sha256:b727414169a36b7d524c1c3e31839a521725078d7b2ff038656844266160a992
# wheel: pydantic-2.13.4-py3-none-any.whl
pydantic==2.13.4 \
    --hash=sha256:45a282cde31d808236fd7ea9d919b128653c8b38b393d1c4ab335c62924d9aba
# wheel: pydantic_core-2.46.4-cp312-cp312-manylinux_2_17_x86_64.manylinux2014_x86_64.whl
pydantic-core==2.46.4 \
    --hash=sha256:926c9541b14b12b1681dca8a0b75feb510b06c6341b70a8e500c2fdcff837cce
# wheel: pygments-2.21.0-py3-none-any.whl
pygments==2.21.0 \
    --hash=sha256:2363c69b61c4a97c838da3b130dcd6468f4848992b21a82f2a63ec34377137d9
# wheel: pytest-9.1.1-py3-none-any.whl
pytest==9.1.1 \
    --hash=sha256:37a86b45efb9a47a61a36449063e8e18d0cab3161329fc099eb21783169c4f0c
# wheel: pytest_asyncio-1.4.0-py3-none-any.whl
pytest-asyncio==1.4.0 \
    --hash=sha256:933ca923a23075a87fb7070c0ec272a6848489824d887c85c812670932835aa1
# wheel: pyyaml-6.0.3-cp312-cp312-manylinux2014_x86_64.manylinux_2_17_x86_64.manylinux_2_28_x86_64.whl
pyyaml==6.0.3 \
    --hash=sha256:ba1cc08a7ccde2d2ec775841541641e4548226580ab850948cbfda66a1befcdc
# wheel: referencing-0.37.0-py3-none-any.whl
referencing==0.37.0 \
    --hash=sha256:381329a9f99628c9069361716891d34ad94af76e461dcb0335825aecc7692231
# wheel: requests-2.34.2-py3-none-any.whl
requests==2.34.2 \
    --hash=sha256:2a0d60c172f83ac6ab31e4554906c0f3b3588d37b5cb939b1c061f4907e278e0
# wheel: rpds_py-2026.6.3-cp312-cp312-manylinux_2_17_x86_64.manylinux2014_x86_64.whl
rpds-py==2026.6.3 \
    --hash=sha256:ecabd69db66de867690f9797f2f8fa27ba501bbc24540cbdbdc649cd15888ba6
# wheel: setuptools-83.0.0-py3-none-any.whl
setuptools==83.0.0 \
    --hash=sha256:29b23c360f22f414dc7336bb39178cc7bcbf6021ed2733cde173f09dba19abb3
# wheel: typing_extensions-4.16.0-py3-none-any.whl
typing-extensions==4.16.0 \
    --hash=sha256:481caa481374e813c1b176ada14e97f1f67a4539ce9cfeb3f350d78d6370c2e8
# wheel: typing_inspection-0.4.4-py3-none-any.whl
typing-inspection==0.4.4 \
    --hash=sha256:65b8397ba37ccbce054456aaccddfc91e6e3083c92824df348d96ca832f3f147
# wheel: urllib3-2.7.0-py3-none-any.whl
urllib3==2.7.0 \
    --hash=sha256:9fb4c81ebbb1ce9531cce37674bbc6f1360472bc18ca9a553ede278ef7276897
